
Microsoft Visual Studio Solution File, Format Version 12.00
# Visual Studio Version 17
VisualStudioVersion = 17.7.34031.279
MinimumVisualStudioVersion = 10.0.40219.1
Project("{9A19103F-16F7-4668-BE54-9A1E7A4F7556}") = "Domain", "Domain.csproj", "{8ACAE898-5B13-4DAE-B7D8-A7B11F4AD2CA}"
EndProject
Project("{9A19103F-16F7-4668-BE54-9A1E7A4F7556}") = "Application", "..\Data\Application.csproj", "{D8396E7D-52C5-452C-8CA8-1252287B5643}"
EndProject
Project("{2150E333-8FDC-42A3-9474-1A3956D46DE8}") = "src", "src", "{5D83AD5A-66DE-4CC7-AB00-7081E11E827F}"
EndProject
Global
	GlobalSection(SolutionConfigurationPlatforms) = preSolution
		Debug|Any CPU = Debug|Any CPU
		Release|Any CPU = Release|Any CPU
	EndGlobalSection
	GlobalSection(ProjectConfigurationPlatforms) = postSolution
		{8ACAE898-5B13-4DAE-B7D8-A7B11F4AD2CA}.Debug|Any CPU.ActiveCfg = Debug|Any CPU
		{8ACAE898-5B13-4DAE-B7D8-A7B11F4AD2CA}.Debug|Any CPU.Build.0 = Debug|Any CPU
		{8ACAE898-5B13-4DAE-B7D8-A7B11F4AD2CA}.Release|Any CPU.ActiveCfg = Release|Any CPU
		{8ACAE898-5B13-4DAE-B7D8-A7B11F4AD2CA}.Release|Any CPU.Build.0 = Release|Any CPU
		{D8396E7D-52C5-452C-8CA8-1252287B5643}.Debug|Any CPU.ActiveCfg = Debug|Any CPU
		{D8396E7D-52C5-452C-8CA8-1252287B5643}.Debug|Any CPU.Build.0 = Debug|Any CPU
		{D8396E7D-52C5-452C-8CA8-1252287B5643}.Release|Any CPU.ActiveCfg = Release|Any CPU
		{D8396E7D-52C5-452C-8CA8-1252287B5643}.Release|Any CPU.Build.0 = Release|Any CPU
	EndGlobalSection
	GlobalSection(SolutionProperties) = preSolution
		HideSolutionNode = FALSE
	EndGlobalSection
	GlobalSection(NestedProjects) = preSolution
		{8ACAE898-5B13-4DAE-B7D8-A7B11F4AD2CA} = {5D83AD5A-66DE-4CC7-AB00-7081E11E827F}
		{D8396E7D-52C5-452C-8CA8-1252287B5643} = {5D83AD5A-66DE-4CC7-AB00-7081E11E827F}
	EndGlobalSection
	GlobalSection(ExtensibilityGlobals) = postSolution
		SolutionGuid = {16AB9D25-6AC8-4B52-9C05-E6AEE0624570}
	EndGlobalSection
EndGlobal
